
Microsoft Visual Studio Solution File, Format Version 12.00
# Visual Studio Version 17
VisualStudioVersion = 17.3.32929.385
MinimumVisualStudioVersion = 10.0.40219.1
Project("{FAE04EC0-301F-11D3-BF4B-00C04F79EFBC}") = "Generazione tabellone definitivo", "Generazione tabellone definitivo\Generazione tabellone definitivo.csproj", "{DD993EC6-DDA3-4DB7-BF7C-08E6A73239A6}"
EndProject
Global
	GlobalSection(SolutionConfigurationPlatforms) = preSolution
		Debug|Any CPU = Debug|Any CPU
		Release|Any CPU = Release|Any CPU
	EndGlobalSection
	GlobalSection(ProjectConfigurationPlatforms) = postSolution
		{DD993EC6-DDA3-4DB7-BF7C-08E6A73239A6}.Debug|Any CPU.ActiveCfg = Debug|Any CPU
		{DD993EC6-DDA3-4DB7-BF7C-08E6A73239A6}.Debug|Any CPU.Build.0 = Debug|Any CPU
		{DD993EC6-DDA3-4DB7-BF7C-08E6A73239A6}.Release|Any CPU.ActiveCfg = Release|Any CPU
		{DD993EC6-DDA3-4DB7-BF7C-08E6A73239A6}.Release|Any CPU.Build.0 = Release|Any CPU
	EndGlobalSection
	GlobalSection(SolutionProperties) = preSolution
		HideSolutionNode = FALSE
	EndGlobalSection
	GlobalSection(ExtensibilityGlobals) = postSolution
		SolutionGuid = {EEF50DD4-D26F-4A1F-8B9D-14FB5A98456A}
	EndGlobalSection
EndGlobal
